Microsoft Visual Studio Solution File, Format Version 12.00
# Visual Studio 15
VisualStudioVersion = 15.0.26730.12
MinimumVisualStudioVersion = 10.0.40219.1
Project("{9A19103F-16F7-4668-BE54-9A1E7A4F7556}") = "GoSentinel", "GoSentinel\GoSentinel.csproj", "{9D6B2567-E6E8-419D-A090-43CC1CBE2BBC}"
EndProject
Project("{9A19103F-16F7-4668-BE54-9A1E7A4F7556}") = "GoSentinel.Tests", "GoSentinel.Tests\GoSentinel.Tests.csproj", "{39671489-140F-465D-B628-12C3A5F00C1B}"
EndProject
Global
	GlobalSection(SolutionConfigurationPlatforms) = preSolution
		Debug|Any CPU = Debug|Any CPU
		Debug|x64 = Debug|x64
		Debug|x86 = Debug|x86
		Release|Any CPU = Release|Any CPU
		Release|x64 = Release|x64
		Release|x86 = Release|x86
	EndGlobalSection
	GlobalSection(ProjectConfigurationPlatforms) = postSolution
		{9D6B2567-E6E8-419D-A090-43CC1CBE2BBC}.Debug|Any CPU.ActiveCfg = Debug|Any CPU
		{9D6B2567-E6E8-419D-A090-43CC1CBE2BBC}.Debug|Any CPU.Build.0 = Debug|Any CPU
		{9D6B2567-E6E8-419D-A090-43CC1CBE2BBC}.Debug|x64.ActiveCfg = Debug|Any CPU
		{9D6B2567-E6E8-419D-A090-43CC1CBE2BBC}.Debug|x64.Build.0 = Debug|Any CPU
		{9D6B2567-E6E8-419D-A090-43CC1CBE2BBC}.Debug|x86.ActiveCfg = Debug|Any CPU
		{9D6B2567-E6E8-419D-A090-43CC1CBE2BBC}.Debug|x86.Build.0 = Debug|Any CPU
		{9D6B2567-E6E8-419D-A090-43CC1CBE2BBC}.Release|Any CPU.ActiveCfg = Release|Any CPU
		{9D6B2567-E6E8-419D-A090-43CC1CBE2BBC}.Release|Any CPU.Build.0 = Release|Any CPU
		{9D6B2567-E6E8-419D-A090-43CC1CBE2BBC}.Release|x64.ActiveCfg = Release|Any CPU
		{9D6B2567-E6E8-419D-A090-43CC1CBE2BBC}.Release|x64.Build.0 = Release|Any CPU
		{9D6B2567-E6E8-419D-A090-43CC1CBE2BBC}.Release|x86.ActiveCfg = Release|Any CPU
		{9D6B2567-E6E8-419D-A090-43CC1CBE2BBC}.Release|x86.Build.0 = Release|Any CPU
		{39671489-140F-465D-B628-12C3A5F00C1B}.Debug|Any CPU.ActiveCfg = Debug|Any CPU
		{39671489-140F-465D-B628-12C3A5F00C1B}.Debug|Any CPU.Build.0 = Debug|Any CPU
		{39671489-140F-465D-B628-12C3A5F00C1B}.Debug|x64.ActiveCfg = Debug|Any CPU
		{39671489-140F-465D-B628-12C3A5F00C1B}.Debug|x64.Build.0 = Debug|Any CPU
		{39671489-140F-465D-B628-12C3A5F00C1B}.Debug|x86.ActiveCfg = Debug|Any CPU
		{39671489-140F-465D-B628-12C3A5F00C1B}.Debug|x86.Build.0 = Debug|Any CPU
		{39671489-140F-465D-B628-12C3A5F00C1B}.Release|Any CPU.ActiveCfg = Release|Any CPU
		{39671489-140F-465D-B628-12C3A5F00C1B}.Release|Any CPU.Build.0 = Release|Any CPU
		{39671489-140F-465D-B628-12C3A5F00C1B}.Release|x64.ActiveCfg = Release|Any CPU
		{39671489-140F-465D-B628-12C3A5F00C1B}.Release|x64.Build.0 = Release|Any CPU
		{39671489-140F-465D-B628-12C3A5F00C1B}.Release|x86.ActiveCfg = Release|Any CPU
		{39671489-140F-465D-B628-12C3A5F00C1B}.Release|x86.Build.0 = Release|Any CPU
	EndGlobalSection
	GlobalSection(SolutionProperties) = preSolution
		HideSolutionNode = FALSE
	EndGlobalSection
	GlobalSection(ExtensibilityGlobals) = postSolution
		SolutionGuid = {027D7D67-6466-4168-89EB-79786EF19F3C}
	EndGlobalSection
EndGlobal
